
Microsoft Visual Studio Solution File, Format Version 12.00
# Visual Studio Version 16
VisualStudioVersion = 16.0.29025.244
MinimumVisualStudioVersion = 10.0.40219.1
Project("{FAE04EC0-301F-11D3-BF4B-00C04F79EFBC}") = "Local HTML File Browser", "Local HTML File Browser\Local HTML File Browser.csproj", "{80BCA7B7-F0A5-43F5-888F-C28285334989}"
EndProject
Global
	GlobalSection(SolutionConfigurationPlatforms) = preSolution
		Debug|Any CPU = Debug|Any CPU
		Release|Any CPU = Release|Any CPU
	EndGlobalSection
	GlobalSection(ProjectConfigurationPlatforms) = postSolution
		{80BCA7B7-F0A5-43F5-888F-C28285334989}.Debug|Any CPU.ActiveCfg = Debug|Any CPU
		{80BCA7B7-F0A5-43F5-888F-C28285334989}.Debug|Any CPU.Build.0 = Debug|Any CPU
		{80BCA7B7-F0A5-43F5-888F-C28285334989}.Release|Any CPU.ActiveCfg = Release|Any CPU
		{80BCA7B7-F0A5-43F5-888F-C28285334989}.Release|Any CPU.Build.0 = Release|Any CPU
	EndGlobalSection
	GlobalSection(SolutionProperties) = preSolution
		HideSolutionNode = FALSE
	EndGlobalSection
	GlobalSection(ExtensibilityGlobals) = postSolution
		SolutionGuid = {6F309CE0-338D-4BE9-93FF-E42CB562E2BF}
	EndGlobalSection
EndGlobal
